
Microsoft Visual Studio Solution File, Format Version 12.00
# Visual Studio Version 17
VisualStudioVersion = 17.8.34316.72
MinimumVisualStudioVersion = 10.0.40219.1
Project("{FAE04EC0-301F-11D3-BF4B-00C04F79EFBC}") = "airborne-dust-monitor", "airborne-dust-monitor\airborne-dust-monitor.csproj", "{B5D19375-1A07-4C96-8229-512C433F9039}"
EndProject
Global
	GlobalSection(SolutionConfigurationPlatforms) = preSolution
		Debug|Any CPU = Debug|Any CPU
		Release|Any CPU = Release|Any CPU
	EndGlobalSection
	GlobalSection(ProjectConfigurationPlatforms) = postSolution
		{B5D19375-1A07-4C96-8229-512C433F9039}.Debug|Any CPU.ActiveCfg = Debug|Any CPU
		{B5D19375-1A07-4C96-8229-512C433F9039}.Debug|Any CPU.Build.0 = Debug|Any CPU
		{B5D19375-1A07-4C96-8229-512C433F9039}.Release|Any CPU.ActiveCfg = Release|Any CPU
		{B5D19375-1A07-4C96-8229-512C433F9039}.Release|Any CPU.Build.0 = Release|Any CPU
	EndGlobalSection
	GlobalSection(SolutionProperties) = preSolution
		HideSolutionNode = FALSE
	EndGlobalSection
	GlobalSection(ExtensibilityGlobals) = postSolution
		SolutionGuid = {22015E79-6194-4262-B0D9-07E363C978F9}
	EndGlobalSection
EndGlobal
